
Microsoft Visual Studio Solution File, Format Version 12.00
# Visual Studio 15
VisualStudioVersion = 15.0.27428.2027
MinimumVisualStudioVersion = 10.0.40219.1
Project("{FAE04EC0-301F-11D3-BF4B-00C04F79EFBC}") = "Fundiçãolino.telas", "Fundiçãolino.telas\Fundiçãolino.telas.csproj", "{0CD2FFEC-7A55-4703-9E03-E82474A495D5}"
EndProject
Global
	GlobalSection(SolutionConfigurationPlatforms) = preSolution
		Debug|Any CPU = Debug|Any CPU
		Release|Any CPU = Release|Any CPU
	EndGlobalSection
	GlobalSection(ProjectConfigurationPlatforms) = postSolution
		{0CD2FFEC-7A55-4703-9E03-E82474A495D5}.Debug|Any CPU.ActiveCfg = Debug|Any CPU
		{0CD2FFEC-7A55-4703-9E03-E82474A495D5}.Debug|Any CPU.Build.0 = Debug|Any CPU
		{0CD2FFEC-7A55-4703-9E03-E82474A495D5}.Release|Any CPU.ActiveCfg = Release|Any CPU
		{0CD2FFEC-7A55-4703-9E03-E82474A495D5}.Release|Any CPU.Build.0 = Release|Any CPU
	EndGlobalSection
	GlobalSection(SolutionProperties) = preSolution
		HideSolutionNode = FALSE
	EndGlobalSection
	GlobalSection(ExtensibilityGlobals) = postSolution
		SolutionGuid = {202C13C2-9A1E-4731-BD8D-826ED3A7151F}
	EndGlobalSection
EndGlobal
